
Microsoft Visual Studio Solution File, Format Version 12.00
# Visual Studio Version 17
VisualStudioVersion = 17.11.35303.130
MinimumVisualStudioVersion = 10.0.40219.1
Project("{FAE04EC0-301F-11D3-BF4B-00C04F79EFBC}") = "KoczkaBalazs_241112F", "KoczkaBalazs_241112F\KoczkaBalazs_241112F.csproj", "{03793CE9-568D-4A18-ACA3-8C076C5B4C48}"
EndProject
Global
	GlobalSection(SolutionConfigurationPlatforms) = preSolution
		Debug|Any CPU = Debug|Any CPU
		Release|Any CPU = Release|Any CPU
	EndGlobalSection
	GlobalSection(ProjectConfigurationPlatforms) = postSolution
		{03793CE9-568D-4A18-ACA3-8C076C5B4C48}.Debug|Any CPU.ActiveCfg = Debug|Any CPU
		{03793CE9-568D-4A18-ACA3-8C076C5B4C48}.Debug|Any CPU.Build.0 = Debug|Any CPU
		{03793CE9-568D-4A18-ACA3-8C076C5B4C48}.Release|Any CPU.ActiveCfg = Release|Any CPU
		{03793CE9-568D-4A18-ACA3-8C076C5B4C48}.Release|Any CPU.Build.0 = Release|Any CPU
	EndGlobalSection
	GlobalSection(SolutionProperties) = preSolution
		HideSolutionNode = FALSE
	EndGlobalSection
	GlobalSection(ExtensibilityGlobals) = postSolution
		SolutionGuid = {5E9C9FA8-C656-4C6E-A833-C9DB5E98D7DB}
	EndGlobalSection
EndGlobal
